
Microsoft Visual Studio Solution File, Format Version 12.00
# Visual Studio Version 17
VisualStudioVersion = 17.5.33516.290
MinimumVisualStudioVersion = 10.0.40219.1
Project("{8BC9CEB8-8B4A-11D0-8D11-00A0C91BC942}") = "DataContainers", "DataContainers\DataContainers.vcxproj", "{F2F8DD92-BF24-42EA-8787-FDF56704C529}"
EndProject
Project("{8BC9CEB8-8B4A-11D0-8D11-00A0C91BC942}") = "ForwardList", "ForwardList\ForwardList.vcxproj", "{9EF2DA42-F4BC-4E7B-B035-614715E8D5B6}"
EndProject
Project("{8BC9CEB8-8B4A-11D0-8D11-00A0C91BC942}") = "List2", "List2\List2.vcxproj", "{D3B86E85-8036-46AD-8E8B-802DF8CBF856}"
EndProject
Project("{8BC9CEB8-8B4A-11D0-8D11-00A0C91BC942}") = "BinaryTree", "BinaryTree\BinaryTree.vcxproj", "{558717B5-C00B-4AD1-9FCA-4D43B09CB53A}"
EndProject
Project("{8BC9CEB8-8B4A-11D0-8D11-00A0C91BC942}") = "HomeWork", "HomeWork\HomeWork.vcxproj", "{4DB36F06-BE30-48B2-9923-20FC5B4E1AE0}"
EndProject
Project("{8BC9CEB8-8B4A-11D0-8D11-00A0C91BC942}") = "Fib", "Fib\Fib.vcxproj", "{6AAAEA97-09FE-4FDE-AAE6-6B4BFF30175F}"
EndProject
Project("{8BC9CEB8-8B4A-11D0-8D11-00A0C91BC942}") = "HAND_WRITING", "HAND_WRITING\HAND_WRITING.vcxproj", "{063A9A42-2D34-4935-B030-10C30CF6FAF9}"
EndProject
Global
	GlobalSection(SolutionConfigurationPlatforms) = preSolution
		Debug|x64 = Debug|x64
		Debug|x86 = Debug|x86
		Release|x64 = Release|x64
		Release|x86 = Release|x86
	EndGlobalSection
	GlobalSection(ProjectConfigurationPlatforms) = postSolution
		{F2F8DD92-BF24-42EA-8787-FDF56704C529}.Debug|x64.ActiveCfg = Debug|x64
		{F2F8DD92-BF24-42EA-8787-FDF56704C529}.Debug|x64.Build.0 = Debug|x64
		{F2F8DD92-BF24-42EA-8787-FDF56704C529}.Debug|x86.ActiveCfg = Debug|Win32
		{F2F8DD92-BF24-42EA-8787-FDF56704C529}.Debug|x86.Build.0 = Debug|Win32
		{F2F8DD92-BF24-42EA-8787-FDF56704C529}.Release|x64.ActiveCfg = Release|x64
		{F2F8DD92-BF24-42EA-8787-FDF56704C529}.Release|x64.Build.0 = Release|x64
		{F2F8DD92-BF24-42EA-8787-FDF56704C529}.Release|x86.ActiveCfg = Release|Win32
		{F2F8DD92-BF24-42EA-8787-FDF56704C529}.Release|x86.Build.0 = Release|Win32
		{9EF2DA42-F4BC-4E7B-B035-614715E8D5B6}.Debug|x64.ActiveCfg = Debug|x64
		{9EF2DA42-F4BC-4E7B-B035-614715E8D5B6}.Debug|x64.Build.0 = Debug|x64
		{9EF2DA42-F4BC-4E7B-B035-614715E8D5B6}.Debug|x86.ActiveCfg = Debug|Win32
		{9EF2DA42-F4BC-4E7B-B035-614715E8D5B6}.Debug|x86.Build.0 = Debug|Win32
		{9EF2DA42-F4BC-4E7B-B035-614715E8D5B6}.Release|x64.ActiveCfg = Release|x64
		{9EF2DA42-F4BC-4E7B-B035-614715E8D5B6}.Release|x64.Build.0 = Release|x64
		{9EF2DA42-F4BC-4E7B-B035-614715E8D5B6}.Release|x86.ActiveCfg = Release|Win32
		{9EF2DA42-F4BC-4E7B-B035-614715E8D5B6}.Release|x86.Build.0 = Release|Win32
		{D3B86E85-8036-46AD-8E8B-802DF8CBF856}.Debug|x64.ActiveCfg = Debug|x64
		{D3B86E85-8036-46AD-8E8B-802DF8CBF856}.Debug|x64.Build.0 = Debug|x64
		{D3B86E85-8036-46AD-8E8B-802DF8CBF856}.Debug|x86.ActiveCfg = Debug|Win32
		{D3B86E85-8036-46AD-8E8B-802DF8CBF856}.Debug|x86.Build.0 = Debug|Win32
		{D3B86E85-8036-46AD-8E8B-802DF8CBF856}.Release|x64.ActiveCfg = Release|x64
		{D3B86E85-8036-46AD-8E8B-802DF8CBF856}.Release|x64.Build.0 = Release|x64
		{D3B86E85-8036-46AD-8E8B-802DF8CBF856}.Release|x86.ActiveCfg = Release|Win32
		{D3B86E85-8036-46AD-8E8B-802DF8CBF856}.Release|x86.Build.0 = Release|Win32
		{558717B5-C00B-4AD1-9FCA-4D43B09CB53A}.Debug|x64.ActiveCfg = Debug|x64
		{558717B5-C00B-4AD1-9FCA-4D43B09CB53A}.Debug|x64.Build.0 = Debug|x64
		{558717B5-C00B-4AD1-9FCA-4D43B09CB53A}.Debug|x86.ActiveCfg = Debug|Win32
		{558717B5-C00B-4AD1-9FCA-4D43B09CB53A}.Debug|x86.Build.0 = Debug|Win32
		{558717B5-C00B-4AD1-9FCA-4D43B09CB53A}.Release|x64.ActiveCfg = Release|x64
		{558717B5-C00B-4AD1-9FCA-4D43B09CB53A}.Release|x64.Build.0 = Release|x64
		{558717B5-C00B-4AD1-9FCA-4D43B09CB53A}.Release|x86.ActiveCfg = Release|Win32
		{558717B5-C00B-4AD1-9FCA-4D43B09CB53A}.Release|x86.Build.0 = Release|Win32
		{4DB36F06-BE30-48B2-9923-20FC5B4E1AE0}.Debug|x64.ActiveCfg = Debug|x64
		{4DB36F06-BE30-48B2-9923-20FC5B4E1AE0}.Debug|x64.Build.0 = Debug|x64
		{4DB36F06-BE30-48B2-9923-20FC5B4E1AE0}.Debug|x86.ActiveCfg = Debug|Win32
		{4DB36F06-BE30-48B2-9923-20FC5B4E1AE0}.Debug|x86.Build.0 = Debug|Win32
		{4DB36F06-BE30-48B2-9923-20FC5B4E1AE0}.Release|x64.ActiveCfg = Release|x64
		{4DB36F06-BE30-48B2-9923-20FC5B4E1AE0}.Release|x64.Build.0 = Release|x64
		{4DB36F06-BE30-48B2-9923-20FC5B4E1AE0}.Release|x86.ActiveCfg = Release|Win32
		{4DB36F06-BE30-48B2-9923-20FC5B4E1AE0}.Release|x86.Build.0 = Release|Win32
		{6AAAEA97-09FE-4FDE-AAE6-6B4BFF30175F}.Debug|x64.ActiveCfg = Debug|x64
		{6AAAEA97-09FE-4FDE-AAE6-6B4BFF30175F}.Debug|x64.Build.0 = Debug|x64
		{6AAAEA97-09FE-4FDE-AAE6-6B4BFF30175F}.Debug|x86.ActiveCfg = Debug|Win32
		{6AAAEA97-09FE-4FDE-AAE6-6B4BFF30175F}.Debug|x86.Build.0 = Debug|Win32
		{6AAAEA97-09FE-4FDE-AAE6-6B4BFF30175F}.Release|x64.ActiveCfg = Release|x64
		{6AAAEA97-09FE-4FDE-AAE6-6B4BFF30175F}.Release|x64.Build.0 = Release|x64
		{6AAAEA97-09FE-4FDE-AAE6-6B4BFF30175F}.Release|x86.ActiveCfg = Release|Win32
		{6AAAEA97-09FE-4FDE-AAE6-6B4BFF30175F}.Release|x86.Build.0 = Release|Win32
		{063A9A42-2D34-4935-B030-10C30CF6FAF9}.Debug|x64.ActiveCfg = Debug|x64
		{063A9A42-2D34-4935-B030-10C30CF6FAF9}.Debug|x64.Build.0 = Debug|x64
		{063A9A42-2D34-4935-B030-10C30CF6FAF9}.Debug|x86.ActiveCfg = Debug|Win32
		{063A9A42-2D34-4935-B030-10C30CF6FAF9}.Debug|x86.Build.0 = Debug|Win32
		{063A9A42-2D34-4935-B030-10C30CF6FAF9}.Release|x64.ActiveCfg = Release|x64
		{063A9A42-2D34-4935-B030-10C30CF6FAF9}.Release|x64.Build.0 = Release|x64
		{063A9A42-2D34-4935-B030-10C30CF6FAF9}.Release|x86.ActiveCfg = Release|Win32
		{063A9A42-2D34-4935-B030-10C30CF6FAF9}.Release|x86.Build.0 = Release|Win32
	EndGlobalSection
	GlobalSection(SolutionProperties) = preSolution
		HideSolutionNode = FALSE
	EndGlobalSection
	GlobalSection(ExtensibilityGlobals) = postSolution
		SolutionGuid = {3B6F04DB-4D8A-47B4-9906-960FDF9821FA}
	EndGlobalSection
EndGlobal
